// !$*UTF8*$!
{
	archiveVersion = 1;
	classes = {
	};
	objectVersion = 50;
	objects = {

/* Begin PBXBuildFile section */
		5CFE5B5320A746F700B10FDA /* HTTPViewController.swift in Sources */ = {isa = PBXBuildFile; fileRef = 5CFE5B5220A746F700B10FDA /* HTTPViewController.swift */; };
		5CFE5B5520A74AD700B10FDA /* MainViewController.swift in Sources */ = {isa = PBXBuildFile; fileRef = 5CFE5B5420A74AD700B10FDA /* MainViewController.swift */; };
		64A1B9B520A6F9ED002A7DB2 /* AppDelegate.swift in Sources */ = {isa = PBXBuildFile; fileRef = 64A1B9B420A6F9ED002A7DB2 /* AppDelegate.swift */; };
		64A1B9B720A6F9ED002A7DB2 /* LayoutViewController.swift in Sources */ = {isa = PBXBuildFile; fileRef = 64A1B9B620A6F9ED002A7DB2 /* LayoutViewController.swift */; };
		64A1B9BA20A6F9ED002A7DB2 /* Main.storyboard in Resources */ = {isa = PBXBuildFile; fileRef = 64A1B9B820A6F9ED002A7DB2 /* Main.storyboard */; };
		64A1B9BC20A6F9EE002A7DB2 /* Assets.xcassets in Resources */ = {isa = PBXBuildFile; fileRef = 64A1B9BB20A6F9EE002A7DB2 /* Assets.xcassets */; };
		64A1B9BF20A6F9EE002A7DB2 /* LaunchScreen.storyboard in Resources */ = {isa = PBXBuildFile; fileRef = 64A1B9BD20A6F9EE002A7DB2 /* LaunchScreen.storyboard */; };
		64A1B9CB20A6FEF8002A7DB2 /* CalViewController.swift in Sources */ = {isa = PBXBuildFile; fileRef = 64A1B9CA20A6FEF8002A7DB2 /* CalViewController.swift */; };
		89B24D4641D90F13F0462AC0 /* Pods_Sample.framework in Frameworks */ = {isa = PBXBuildFile; fileRef = E021DD10F78BBB7892D72DC4 /* Pods_Sample.framework */; };
/* End PBXBuildFile section */

/* Begin PBXFileReference section */
		0D274D5A807EA2B40B3772BD /* Pods-Sample.release.xcconfig */ = {isa = PBXFileReference; includeInIndex = 1; lastKnownFileType = text.xcconfig; name = "Pods-Sample.release.xcconfig"; path = "Pods/Target Support Files/Pods-Sample/Pods-Sample.release.xcconfig"; sourceTree = "<group>"; };
		5CFE5B5220A746F700B10FDA /* HTTPViewController.swift */ = {isa = PBXFileReference; lastKnownFileType = sourcecode.swift; path = HTTPViewController.swift; sourceTree = "<group>"; };
		5CFE5B5420A74AD700B10FDA /* MainViewController.swift */ = {isa = PBXFileReference; lastKnownFileType = sourcecode.swift; path = MainViewController.swift; sourceTree = "<group>"; };
		6347A0C0F2E073328540CB93 /* Pods-Sample.debug.xcconfig */ = {isa = PBXFileReference; includeInIndex = 1; lastKnownFileType = text.xcconfig; name = "Pods-Sample.debug.xcconfig"; path = "Pods/Target Support Files/Pods-Sample/Pods-Sample.debug.xcconfig"; sourceTree = "<group>"; };
		64A1B9B120A6F9ED002A7DB2 /* Sample.app */ = {isa = PBXFileReference; explicitFileType = wrapper.application; includeInIndex = 0; path = Sample.app; sourceTree = BUILT_PRODUCTS_DIR; };
		64A1B9B420A6F9ED002A7DB2 /* AppDelegate.swift */ = {isa = PBXFileReference; lastKnownFileType = sourcecode.swift; path = AppDelegate.swift; sourceTree = "<group>"; };
		64A1B9B620A6F9ED002A7DB2 /* LayoutViewController.swift */ = {isa = PBXFileReference; lastKnownFileType = sourcecode.swift; path = LayoutViewController.swift; sourceTree = "<group>"; };
		64A1B9B920A6F9ED002A7DB2 /* Base */ = {isa = PBXFileReference; lastKnownFileType = file.storyboard; name = Base; path = Base.lproj/Main.storyboard; sourceTree = "<group>"; };
		64A1B9BB20A6F9EE002A7DB2 /* Assets.xcassets */ = {isa = PBXFileReference; lastKnownFileType = folder.assetcatalog; path = Assets.xcassets; sourceTree = "<group>"; };
		64A1B9BE20A6F9EE002A7DB2 /* Base */ = {isa = PBXFileReference; lastKnownFileType = file.storyboard; name = Base; path = Base.lproj/LaunchScreen.storyboard; sourceTree = "<group>"; };
		64A1B9C020A6F9EE002A7DB2 /* Info.plist */ = {isa = PBXFileReference; lastKnownFileType = text.plist.xml; path = Info.plist; sourceTree = "<group>"; };
		64A1B9C620A6FAE6002A7DB2 /* DynamicKit.podspec */ = {isa = PBXFileReference; lastKnownFileType = text; name = DynamicKit.podspec; path = ../DynamicKit.podspec; sourceTree = "<group>"; xcLanguageSpecificationIdentifier = xcode.lang.ruby; };
		64A1B9C720A6FAE6002A7DB2 /* LICENSE.md */ = {isa = PBXFileReference; lastKnownFileType = net.daringfireball.markdown; name = LICENSE.md; path = ../LICENSE.md; sourceTree = "<group>"; };
		64A1B9C820A6FAE6002A7DB2 /* README.adoc */ = {isa = PBXFileReference; lastKnownFileType = text; name = README.adoc; path = ../README.adoc; sourceTree = "<group>"; };
		64A1B9C920A6FAE6002A7DB2 /* .gitignore */ = {isa = PBXFileReference; lastKnownFileType = text; name = .gitignore; path = ../.gitignore; sourceTree = "<group>"; };
		64A1B9CA20A6FEF8002A7DB2 /* CalViewController.swift */ = {isa = PBXFileReference; fileEncoding = 4; lastKnownFileType = sourcecode.swift; path = CalViewController.swift; sourceTree = "<group>"; };
		E021DD10F78BBB7892D72DC4 /* Pods_Sample.framework */ = {isa = PBXFileReference; explicitFileType = wrapper.framework; includeInIndex = 0; path = Pods_Sample.framework; sourceTree = BUILT_PRODUCTS_DIR; };
/* End PBXFileReference section */

/* Begin PBXFrameworksBuildPhase section */
		64A1B9AE20A6F9ED002A7DB2 /* Frameworks */ = {
			isa = PBXFrameworksBuildPhase;
			buildActionMask = 2147483647;
			files = (
				89B24D4641D90F13F0462AC0 /* Pods_Sample.framework in Frameworks */,
			);
			runOnlyForDeploymentPostprocessing = 0;
		};
/* End PBXFrameworksBuildPhase section */

/* Begin PBXGroup section */
		36E3C41C85BACAFC785C5794 /* Frameworks */ = {
			isa = PBXGroup;
			children = (
				E021DD10F78BBB7892D72DC4 /* Pods_Sample.framework */,
			);
			name = Frameworks;
			sourceTree = "<group>";
		};
		51C5673DC2FF825A797624E9 /* Pods */ = {
			isa = PBXGroup;
			children = (
				6347A0C0F2E073328540CB93 /* Pods-Sample.debug.xcconfig */,
				0D274D5A807EA2B40B3772BD /* Pods-Sample.release.xcconfig */,
			);
			name = Pods;
			sourceTree = "<group>";
		};
		64A1B9A820A6F9ED002A7DB2 = {
			isa = PBXGroup;
			children = (
				64A1B9C920A6FAE6002A7DB2 /* .gitignore */,
				64A1B9C620A6FAE6002A7DB2 /* DynamicKit.podspec */,
				64A1B9C720A6FAE6002A7DB2 /* LICENSE.md */,
				64A1B9C820A6FAE6002A7DB2 /* README.adoc */,
				64A1B9B320A6F9ED002A7DB2 /* Sample */,
				64A1B9B220A6F9ED002A7DB2 /* Products */,
				51C5673DC2FF825A797624E9 /* Pods */,
				36E3C41C85BACAFC785C5794 /* Frameworks */,
			);
			sourceTree = "<group>";
		};
		64A1B9B220A6F9ED002A7DB2 /* Products */ = {
			isa = PBXGroup;
			children = (
				64A1B9B120A6F9ED002A7DB2 /* Sample.app */,
			);
			name = Products;
			sourceTree = "<group>";
		};
		64A1B9B320A6F9ED002A7DB2 /* Sample */ = {
			isa = PBXGroup;
			children = (
				64A1B9B420A6F9ED002A7DB2 /* AppDelegate.swift */,
				5CFE5B5420A74AD700B10FDA /* MainViewController.swift */,
				64A1B9B620A6F9ED002A7DB2 /* LayoutViewController.swift */,
				64A1B9CA20A6FEF8002A7DB2 /* CalViewController.swift */,
				5CFE5B5220A746F700B10FDA /* HTTPViewController.swift */,
				64A1B9B820A6F9ED002A7DB2 /* Main.storyboard */,
				64A1B9BB20A6F9EE002A7DB2 /* Assets.xcassets */,
				64A1B9BD20A6F9EE002A7DB2 /* LaunchScreen.storyboard */,
				64A1B9C020A6F9EE002A7DB2 /* Info.plist */,
			);
			path = Sample;
			sourceTree = "<group>";
		};
/* End PBXGroup section */

/* Begin PBXNativeTarget section */
		64A1B9B020A6F9ED002A7DB2 /* Sample */ = {
			isa = PBXNativeTarget;
			buildConfigurationList = 64A1B9C320A6F9EE002A7DB2 /* Build configuration list for PBXNativeTarget "Sample" */;
			buildPhases = (
				D388739CF605BA804579A04A /* [CP] Check Pods Manifest.lock */,
				64A1B9AD20A6F9ED002A7DB2 /* Sources */,
				64A1B9AE20A6F9ED002A7DB2 /* Frameworks */,
				64A1B9AF20A6F9ED002A7DB2 /* Resources */,
				C70DB22529F7683D22A32AD7 /* [CP] Embed Pods Frameworks */,
			);
			buildRules = (
			);
			dependencies = (
			);
			name = Sample;
			productName = Sample;
			productReference = 64A1B9B120A6F9ED002A7DB2 /* Sample.app */;
			productType = "com.apple.product-type.application";
		};
/* End PBXNativeTarget section */

/* Begin PBXProject section */
		64A1B9A920A6F9ED002A7DB2 /* Project object */ = {
			isa = PBXProject;
			attributes = {
				LastSwiftUpdateCheck = 0930;
				LastUpgradeCheck = 0930;
				ORGANIZATIONNAME = "Meniny Lab";
				TargetAttributes = {
					64A1B9B020A6F9ED002A7DB2 = {
						CreatedOnToolsVersion = 9.3;
					};
				};
			};
			buildConfigurationList = 64A1B9AC20A6F9ED002A7DB2 /* Build configuration list for PBXProject "Sample" */;
			compatibilityVersion = "Xcode 9.3";
			developmentRegion = en;
			hasScannedForEncodings = 0;
			knownRegions = (
				en,
				Base,
			);
			mainGroup = 64A1B9A820A6F9ED002A7DB2;
			productRefGroup = 64A1B9B220A6F9ED002A7DB2 /* Products */;
			projectDirPath = "";
			projectRoot = "";
			targets = (
				64A1B9B020A6F9ED002A7DB2 /* Sample */,
			);
		};
/* End PBXProject section */

/* Begin PBXResourcesBuildPhase section */
		64A1B9AF20A6F9ED002A7DB2 /* Resources */ = {
			isa = PBXResourcesBuildPhase;
			buildActionMask = 2147483647;
			files = (
				64A1B9BF20A6F9EE002A7DB2 /* LaunchScreen.storyboard in Resources */,
				64A1B9BC20A6F9EE002A7DB2 /* Assets.xcassets in Resources */,
				64A1B9BA20A6F9ED002A7DB2 /* Main.storyboard in Resources */,
			);
			runOnlyForDeploymentPostprocessing = 0;
		};
/* End PBXResourcesBuildPhase section */

/* Begin PBXShellScriptBuildPhase section */
		C70DB22529F7683D22A32AD7 /* [CP] Embed Pods Frameworks */ = {
			isa = PBXShellScriptBuildPhase;
			buildActionMask = 2147483647;
			files = (
			);
			inputPaths = (
				"${SRCROOT}/Pods/Target Support Files/Pods-Sample/Pods-Sample-frameworks.sh",
				"${BUILT_PRODUCTS_DIR}/DynamicKit/DynamicKit.framework",
			);
			name = "[CP] Embed Pods Frameworks";
			outputPaths = (
				"${TARGET_BUILD_DIR}/${FRAMEWORKS_FOLDER_PATH}/DynamicKit.framework",
			);
			runOnlyForDeploymentPostprocessing = 0;
			shellPath = /bin/sh;
			shellScript = "\"${SRCROOT}/Pods/Target Support Files/Pods-Sample/Pods-Sample-frameworks.sh\"\n";
			showEnvVarsInLog = 0;
		};
		D388739CF605BA804579A04A /* [CP] Check Pods Manifest.lock */ = {
			isa = PBXShellScriptBuildPhase;
			buildActionMask = 2147483647;
			files = (
			);
			inputPaths = (
				"${PODS_PODFILE_DIR_PATH}/Podfile.lock",
				"${PODS_ROOT}/Manifest.lock",
			);
			name = "[CP] Check Pods Manifest.lock";
			outputPaths = (
				"$(DERIVED_FILE_DIR)/Pods-Sample-checkManifestLockResult.txt",
			);
			runOnlyForDeploymentPostprocessing = 0;
			shellPath = /bin/sh;
			shellScript = "diff \"${PODS_PODFILE_DIR_PATH}/Podfile.lock\" \"${PODS_ROOT}/Manifest.lock\" > /dev/null\nif [ $? != 0 ] ; then\n    # print error to STDERR\n    echo \"error: The sandbox is not in sync with the Podfile.lock. Run 'pod install' or update your CocoaPods installation.\" >&2\n    exit 1\nfi\n# This output is used by Xcode 'outputs' to avoid re-running this script phase.\necho \"SUCCESS\" > \"${SCRIPT_OUTPUT_FILE_0}\"\n";
			showEnvVarsInLog = 0;
		};
/* End PBXShellScriptBuildPhase section */

/* Begin PBXSourcesBuildPhase section */
		64A1B9AD20A6F9ED002A7DB2 /* Sources */ = {
			isa = PBXSourcesBuildPhase;
			buildActionMask = 2147483647;
			files = (
				64A1B9CB20A6FEF8002A7DB2 /* CalViewController.swift in Sources */,
				64A1B9B720A6F9ED002A7DB2 /* LayoutViewController.swift in Sources */,
				5CFE5B5320A746F700B10FDA /* HTTPViewController.swift in Sources */,
				64A1B9B520A6F9ED002A7DB2 /* AppDelegate.swift in Sources */,
				5CFE5B5520A74AD700B10FDA /* MainViewController.swift in Sources */,
			);
			runOnlyForDeploymentPostprocessing = 0;
		};
/* End PBXSourcesBuildPhase section */

/* Begin PBXVariantGroup section */
		64A1B9B820A6F9ED002A7DB2 /* Main.storyboard */ = {
			isa = PBXVariantGroup;
			children = (
				64A1B9B920A6F9ED002A7DB2 /* Base */,
			);
			name = Main.storyboard;
			sourceTree = "<group>";
		};
		64A1B9BD20A6F9EE002A7DB2 /* LaunchScreen.storyboard */ = {
			isa = PBXVariantGroup;
			children = (
				64A1B9BE20A6F9EE002A7DB2 /* Base */,
			);
			name = LaunchScreen.storyboard;
			sourceTree = "<group>";
		};
/* End PBXVariantGroup section */

/* Begin XCBuildConfiguration section */
		64A1B9C120A6F9EE002A7DB2 /* Debug */ = {
			isa = XCBuildConfiguration;
			buildSettings = {
				ALWAYS_SEARCH_USER_PATHS = NO;
				CLANG_ANALYZER_NONNULL = YES;
				CLANG_ANALYZER_NUMBER_OBJECT_CONVERSION = YES_AGGRESSIVE;
				CLANG_CXX_LANGUAGE_STANDARD = "gnu++14";
				CLANG_CXX_LIBRARY = "libc++";
				CLANG_ENABLE_MODULES = YES;
				CLANG_ENABLE_OBJC_ARC = YES;
				CLANG_ENABLE_OBJC_WEAK = YES;
				CLANG_WARN_BLOCK_CAPTURE_AUTORELEASING = YES;
				CLANG_WARN_BOOL_CONVERSION = YES;
				CLANG_WARN_COMMA = YES;
				CLANG_WARN_CONSTANT_CONVERSION = YES;
				CLANG_WARN_DEPRECATED_OBJC_IMPLEMENTATIONS = YES;
				CLANG_WARN_DIRECT_OBJC_ISA_USAGE = YES_ERROR;
				CLANG_WARN_DOCUMENTATION_COMMENTS = YES;
				CLANG_WARN_EMPTY_BODY = YES;
				CLANG_WARN_ENUM_CONVERSION = YES;
				CLANG_WARN_INFINITE_RECURSION = YES;
				CLANG_WARN_INT_CONVERSION = YES;
				CLANG_WARN_NON_LITERAL_NULL_CONVERSION = YES;
				CLANG_WARN_OBJC_IMPLICIT_RETAIN_SELF = YES;
				CLANG_WARN_OBJC_LITERAL_CONVERSION = YES;
				CLANG_WARN_OBJC_ROOT_CLASS = YES_ERROR;
				CLANG_WARN_RANGE_LOOP_ANALYSIS = YES;
				CLANG_WARN_STRICT_PROTOTYPES = YES;
				CLANG_WARN_SUSPICIOUS_MOVE = YES;
				CLANG_WARN_UNGUARDED_AVAILABILITY = YES_AGGRESSIVE;
				CLANG_WARN_UNREACHABLE_CODE = YES;
				CLANG_WARN__DUPLICATE_METHOD_MATCH = YES;
				CODE_SIGN_IDENTITY = "iPhone Developer";
				COPY_PHASE_STRIP = NO;
				DEBUG_INFORMATION_FORMAT = dwarf;
				ENABLE_STRICT_OBJC_MSGSEND = YES;
				ENABLE_TESTABILITY = YES;
				GCC_C_LANGUAGE_STANDARD = gnu11;
				GCC_DYNAMIC_NO_PIC = NO;
				GCC_NO_COMMON_BLOCKS = YES;
				GCC_OPTIMIZATION_LEVEL = 0;
				GCC_PREPROCESSOR_DEFINITIONS = (
					"DEBUG=1",
					"$(inherited)",
				);
				GCC_WARN_64_TO_32_BIT_CONVERSION = YES;
				GCC_WARN_ABOUT_RETURN_TYPE = YES_ERROR;
				GCC_WARN_UNDECLARED_SELECTOR = YES;
				GCC_WARN_UNINITIALIZED_AUTOS = YES_AGGRESSIVE;
				GCC_WARN_UNUSED_FUNCTION = YES;
				GCC_WARN_UNUSED_VARIABLE = YES;
				IPHONEOS_DEPLOYMENT_TARGET = 11.3;
				MTL_ENABLE_DEBUG_INFO = YES;
				ONLY_ACTIVE_ARCH = YES;
				SDKROOT = iphoneos;
				SWIFT_ACTIVE_COMPILATION_CONDITIONS = DEBUG;
				SWIFT_OPTIMIZATION_LEVEL = "-Onone";
			};
			name = Debug;
		};
		64A1B9C220A6F9EE002A7DB2 /* Release */ = {
			isa = XCBuildConfiguration;
			buildSettings = {
				ALWAYS_SEARCH_USER_PATHS = NO;
				CLANG_ANALYZER_NONNULL = YES;
				CLANG_ANALYZER_NUMBER_OBJECT_CONVERSION = YES_AGGRESSIVE;
				CLANG_CXX_LANGUAGE_STANDARD = "gnu++14";
				CLANG_CXX_LIBRARY = "libc++";
				CLANG_ENABLE_MODULES = YES;
				CLANG_ENABLE_OBJC_ARC = YES;
				CLANG_ENABLE_OBJC_WEAK = YES;
				CLANG_WARN_BLOCK_CAPTURE_AUTORELEASING = YES;
				CLANG_WARN_BOOL_CONVERSION = YES;
				CLANG_WARN_COMMA = YES;
				CLANG_WARN_CONSTANT_CONVERSION = YES;
				CLANG_WARN_DEPRECATED_OBJC_IMPLEMENTATIONS = YES;
				CLANG_WARN_DIRECT_OBJC_ISA_USAGE = YES_ERROR;
				CLANG_WARN_DOCUMENTATION_COMMENTS = YES;
				CLANG_WARN_EMPTY_BODY = YES;
				CLANG_WARN_ENUM_CONVERSION = YES;
				CLANG_WARN_INFINITE_RECURSION = YES;
				CLANG_WARN_INT_CONVERSION = YES;
				CLANG_WARN_NON_LITERAL_NULL_CONVERSION = YES;
				CLANG_WARN_OBJC_IMPLICIT_RETAIN_SELF = YES;
				CLANG_WARN_OBJC_LITERAL_CONVERSION = YES;
				CLANG_WARN_OBJC_ROOT_CLASS = YES_ERROR;
				CLANG_WARN_RANGE_LOOP_ANALYSIS = YES;
				CLANG_WARN_STRICT_PROTOTYPES = YES;
				CLANG_WARN_SUSPICIOUS_MOVE = YES;
				CLANG_WARN_UNGUARDED_AVAILABILITY = YES_AGGRESSIVE;
				CLANG_WARN_UNREACHABLE_CODE = YES;
				CLANG_WARN__DUPLICATE_METHOD_MATCH = YES;
				CODE_SIGN_IDENTITY = "iPhone Developer";
				COPY_PHASE_STRIP = NO;
				DEBUG_INFORMATION_FORMAT = "dwarf-with-dsym";
				ENABLE_NS_ASSERTIONS = NO;
				ENABLE_STRICT_OBJC_MSGSEND = YES;
				GCC_C_LANGUAGE_STANDARD = gnu11;
				GCC_NO_COMMON_BLOCKS = YES;
				GCC_WARN_64_TO_32_BIT_CONVERSION = YES;
				GCC_WARN_ABOUT_RETURN_TYPE = YES_ERROR;
				GCC_WARN_UNDECLARED_SELECTOR = YES;
				GCC_WARN_UNINITIALIZED_AUTOS = YES_AGGRESSIVE;
				GCC_WARN_UNUSED_FUNCTION = YES;
				GCC_WARN_UNUSED_VARIABLE = YES;
				IPHONEOS_DEPLOYMENT_TARGET = 11.3;
				MTL_ENABLE_DEBUG_INFO = NO;
				SDKROOT = iphoneos;
				SWIFT_COMPILATION_MODE = wholemodule;
				SWIFT_OPTIMIZATION_LEVEL = "-O";
				VALIDATE_PRODUCT = YES;
			};
			name = Release;
		};
		64A1B9C420A6F9EE002A7DB2 /* Debug */ = {
			isa = XCBuildConfiguration;
			baseConfigurationReference = 6347A0C0F2E073328540CB93 /* Pods-Sample.debug.xcconfig */;
			buildSettings = {
				ASSETCATALOG_COMPILER_APPICON_NAME = AppIcon;
				CODE_SIGN_STYLE = Automatic;
				DEVELOPMENT_TEAM = 63YL5QDMNS;
				INFOPLIST_FILE = Sample/Info.plist;
				LD_RUNPATH_SEARCH_PATHS = (
					"$(inherited)",
					"@executable_path/Frameworks",
				);
				PRODUCT_BUNDLE_IDENTIFIER = cn.meniny.DynamicKit.Sample;
				PRODUCT_NAME = "$(TARGET_NAME)";
				SWIFT_VERSION = 4.0;
				TARGETED_DEVICE_FAMILY = "1,2";
			};
			name = Debug;
		};
		64A1B9C520A6F9EE002A7DB2 /* Release */ = {
			isa = XCBuildConfiguration;
			baseConfigurationReference = 0D274D5A807EA2B40B3772BD /* Pods-Sample.release.xcconfig */;
			buildSettings = {
				ASSETCATALOG_COMPILER_APPICON_NAME = AppIcon;
				CODE_SIGN_STYLE = Automatic;
				DEVELOPMENT_TEAM = 63YL5QDMNS;
				INFOPLIST_FILE = Sample/Info.plist;
				LD_RUNPATH_SEARCH_PATHS = (
					"$(inherited)",
					"@executable_path/Frameworks",
				);
				PRODUCT_BUNDLE_IDENTIFIER = cn.meniny.DynamicKit.Sample;
				PRODUCT_NAME = "$(TARGET_NAME)";
				SWIFT_VERSION = 4.0;
				TARGETED_DEVICE_FAMILY = "1,2";
			};
			name = Release;
		};
/* End XCBuildConfiguration section */

/* Begin XCConfigurationList section */
		64A1B9AC20A6F9ED002A7DB2 /* Build configuration list for PBXProject "Sample" */ = {
			isa = XCConfigurationList;
			buildConfigurations = (
				64A1B9C120A6F9EE002A7DB2 /* Debug */,
				64A1B9C220A6F9EE002A7DB2 /* Release */,
			);
			defaultConfigurationIsVisible = 0;
			defaultConfigurationName = Release;
		};
		64A1B9C320A6F9EE002A7DB2 /* Build configuration list for PBXNativeTarget "Sample" */ = {
			isa = XCConfigurationList;
			buildConfigurations = (
				64A1B9C420A6F9EE002A7DB2 /* Debug */,
				64A1B9C520A6F9EE002A7DB2 /* Release */,
			);
			defaultConfigurationIsVisible = 0;
			defaultConfigurationName = Release;
		};
/* End XCConfigurationList section */
	};
	rootObject = 64A1B9A920A6F9ED002A7DB2 /* Project object */;
}
