PODS:
  - DynamicKit (1.0.0):
    - DynamicKit/Boxing (= 1.0.0)
    - DynamicKit/Core (= 1.0.0)
    - DynamicKit/Eval (= 1.0.0)
    - DynamicKit/HTTP (= 1.0.0)
    - DynamicKit/Mirror (= 1.0.0)
    - DynamicKit/Runtime (= 1.0.0)
    - DynamicKit/UIKit (= 1.0.0)
  - DynamicKit/Boxing (1.0.0)
  - DynamicKit/Core (1.0.0)
  - DynamicKit/Eval (1.0.0)
  - DynamicKit/HTTP (1.0.0):
    - DynamicKit/Core
  - DynamicKit/Mirror (1.0.0)
  - DynamicKit/Runtime (1.0.0)
  - DynamicKit/UIKit (1.0.0):
    - DynamicKit/Eval

DEPENDENCIES:
  - DynamicKit (from `../`)

EXTERNAL SOURCES:
  DynamicKit:
    :path: "../"

SPEC CHECKSUMS:
  DynamicKit: b44ff88f9a576a8babef3e79fccb5dcfcdc819d6

PODFILE CHECKSUM: bcb1db901b155869954d34280b546107c5e79a17

COCOAPODS: 1.5.2
